
Microsoft Visual Studio Solution File, Format Version 12.00
# Visual Studio Version 16
VisualStudioVersion = 16.0.31321.278
MinimumVisualStudioVersion = 10.0.40219.1
Project("{9A19103F-16F7-4668-BE54-9A1E7A4F7556}") = "EDevice", "EDevice\EDevice.csproj", "{118F3E7D-E6D0-4E88-9CD5-41D7B53CCA1A}"
EndProject
Global
	GlobalSection(SolutionConfigurationPlatforms) = preSolution
		Debug|Any CPU = Debug|Any CPU
		Release|Any CPU = Release|Any CPU
	EndGlobalSection
	GlobalSection(ProjectConfigurationPlatforms) = postSolution
		{118F3E7D-E6D0-4E88-9CD5-41D7B53CCA1A}.Debug|Any CPU.ActiveCfg = Debug|Any CPU
		{118F3E7D-E6D0-4E88-9CD5-41D7B53CCA1A}.Debug|Any CPU.Build.0 = Debug|Any CPU
		{118F3E7D-E6D0-4E88-9CD5-41D7B53CCA1A}.Release|Any CPU.ActiveCfg = Release|Any CPU
		{118F3E7D-E6D0-4E88-9CD5-41D7B53CCA1A}.Release|Any CPU.Build.0 = Release|Any CPU
	EndGlobalSection
	GlobalSection(SolutionProperties) = preSolution
		HideSolutionNode = FALSE
	EndGlobalSection
	GlobalSection(ExtensibilityGlobals) = postSolution
		SolutionGuid = {6DB045EE-BC2A-45CB-810F-C7CBFB712922}
	EndGlobalSection
EndGlobal
